// !$*UTF8*$!
{
	archiveVersion = 1;
	classes = {
	};
	objectVersion = 46;
	objects = {

/* Begin PBXBuildFile section */
		04A3E2CD1C1E587A00E60F90 /* PBJVideoView.m in Sources */ = {isa = PBXBuildFile; fileRef = 06702B631832AD4A003BD34C /* PBJVideoView.m */; };
		04A3E2CE1C1E587D00E60F90 /* PBJVideoPlayerController.m in Sources */ = {isa = PBXBuildFile; fileRef = 06702B611832AD4A003BD34C /* PBJVideoPlayerController.m */; };
		04B39D4F1C1E5691009F4402 /* main.m in Sources */ = {isa = PBXBuildFile; fileRef = 04B39D4E1C1E5691009F4402 /* main.m */; };
		04B39D521C1E5691009F4402 /* PBJAppDelegate.m in Sources */ = {isa = PBXBuildFile; fileRef = 04B39D511C1E5691009F4402 /* PBJAppDelegate.m */; };
		04B39D551C1E5691009F4402 /* PBJViewController.m in Sources */ = {isa = PBXBuildFile; fileRef = 04B39D541C1E5691009F4402 /* PBJViewController.m */; };
		04B39D5A1C1E5691009F4402 /* Assets.xcassets in Resources */ = {isa = PBXBuildFile; fileRef = 04B39D591C1E5691009F4402 /* Assets.xcassets */; };
		06702B641832AD4A003BD34C /* PBJVideoPlayerController.m in Sources */ = {isa = PBXBuildFile; fileRef = 06702B611832AD4A003BD34C /* PBJVideoPlayerController.m */; };
		06702B651832AD4A003BD34C /* PBJVideoView.m in Sources */ = {isa = PBXBuildFile; fileRef = 06702B631832AD4A003BD34C /* PBJVideoView.m */; };
		06702B671832B060003BD34C /* AVFoundation.framework in Frameworks */ = {isa = PBXBuildFile; fileRef = 06702B661832B060003BD34C /* AVFoundation.framework */; };
		06B5F45C1AAE06FC0042E391 /* Images.xcassets in Resources */ = {isa = PBXBuildFile; fileRef = 06B5F45B1AAE06FC0042E391 /* Images.xcassets */; };
		06EEFA8C1832AC2500E3499B /* Foundation.framework in Frameworks */ = {isa = PBXBuildFile; fileRef = 06EEFA8B1832AC2500E3499B /* Foundation.framework */; };
		06EEFA8E1832AC2500E3499B /* CoreGraphics.framework in Frameworks */ = {isa = PBXBuildFile; fileRef = 06EEFA8D1832AC2500E3499B /* CoreGraphics.framework */; };
		06EEFA901832AC2500E3499B /* UIKit.framework in Frameworks */ = {isa = PBXBuildFile; fileRef = 06EEFA8F1832AC2500E3499B /* UIKit.framework */; };
		06EEFA961832AC2500E3499B /* InfoPlist.strings in Resources */ = {isa = PBXBuildFile; fileRef = 06EEFA941832AC2500E3499B /* InfoPlist.strings */; };
		06EEFA981832AC2500E3499B /* main.m in Sources */ = {isa = PBXBuildFile; fileRef = 06EEFA971832AC2500E3499B /* main.m */; };
		06EEFA9C1832AC2500E3499B /* PBJAppDelegate.m in Sources */ = {isa = PBXBuildFile; fileRef = 06EEFA9B1832AC2500E3499B /* PBJAppDelegate.m */; };
		06EEFAA21832AC2500E3499B /* PBJViewController.m in Sources */ = {isa = PBXBuildFile; fileRef = 06EEFAA11832AC2500E3499B /* PBJViewController.m */; };
/* End PBXBuildFile section */

/* Begin PBXFileReference section */
		04A3E2CC1C1E586800E60F90 /* PlayerTV-Prefix.pch */ = {isa = PBXFileReference; lastKnownFileType = sourcecode.c.h; path = "PlayerTV-Prefix.pch"; sourceTree = "<group>"; };
		04B39D4B1C1E5691009F4402 /* PlayerTV.app */ = {isa = PBXFileReference; explicitFileType = wrapper.application; includeInIndex = 0; path = PlayerTV.app; sourceTree = BUILT_PRODUCTS_DIR; };
		04B39D4E1C1E5691009F4402 /* main.m */ = {isa = PBXFileReference; lastKnownFileType = sourcecode.c.objc; path = main.m; sourceTree = "<group>"; };
		04B39D501C1E5691009F4402 /* PBJAppDelegate.h */ = {isa = PBXFileReference; lastKnownFileType = sourcecode.c.h; path = PBJAppDelegate.h; sourceTree = "<group>"; };
		04B39D511C1E5691009F4402 /* PBJAppDelegate.m */ = {isa = PBXFileReference; lastKnownFileType = sourcecode.c.objc; path = PBJAppDelegate.m; sourceTree = "<group>"; };
		04B39D531C1E5691009F4402 /* PBJViewController.h */ = {isa = PBXFileReference; lastKnownFileType = sourcecode.c.h; path = PBJViewController.h; sourceTree = "<group>"; };
		04B39D541C1E5691009F4402 /* PBJViewController.m */ = {isa = PBXFileReference; lastKnownFileType = sourcecode.c.objc; path = PBJViewController.m; sourceTree = "<group>"; };
		04B39D591C1E5691009F4402 /* Assets.xcassets */ = {isa = PBXFileReference; lastKnownFileType = folder.assetcatalog; path = Assets.xcassets; sourceTree = "<group>"; };
		04B39D5B1C1E5691009F4402 /* Info.plist */ = {isa = PBXFileReference; lastKnownFileType = text.plist.xml; path = Info.plist; sourceTree = "<group>"; };
		06702B601832AD4A003BD34C /* PBJVideoPlayerController.h */ = {isa = PBXFileReference; fileEncoding = 4; lastKnownFileType = sourcecode.c.h; name = PBJVideoPlayerController.h; path = ../Source/PBJVideoPlayerController.h; sourceTree = "<group>"; };
		06702B611832AD4A003BD34C /* PBJVideoPlayerController.m */ = {isa = PBXFileReference; fileEncoding = 4; lastKnownFileType = sourcecode.c.objc; name = PBJVideoPlayerController.m; path = ../Source/PBJVideoPlayerController.m; sourceTree = "<group>"; };
		06702B621832AD4A003BD34C /* PBJVideoView.h */ = {isa = PBXFileReference; fileEncoding = 4; lastKnownFileType = sourcecode.c.h; name = PBJVideoView.h; path = ../Source/PBJVideoView.h; sourceTree = "<group>"; };
		06702B631832AD4A003BD34C /* PBJVideoView.m */ = {isa = PBXFileReference; fileEncoding = 4; lastKnownFileType = sourcecode.c.objc; name = PBJVideoView.m; path = ../Source/PBJVideoView.m; sourceTree = "<group>"; };
		06702B661832B060003BD34C /* AVFoundation.framework */ = {isa = PBXFileReference; lastKnownFileType = wrapper.framework; name = AVFoundation.framework; path = System/Library/Frameworks/AVFoundation.framework; sourceTree = SDKROOT; };
		06702B681832B0C3003BD34C /* Base.xcconfig */ = {isa = PBXFileReference; fileEncoding = 4; lastKnownFileType = text.xcconfig; path = Base.xcconfig; sourceTree = SOURCE_ROOT; };
		06702B691832B0C3003BD34C /* Debug.xcconfig */ = {isa = PBXFileReference; fileEncoding = 4; lastKnownFileType = text.xcconfig; path = Debug.xcconfig; sourceTree = SOURCE_ROOT; };
		06702B6A1832B0C3003BD34C /* Release.xcconfig */ = {isa = PBXFileReference; fileEncoding = 4; lastKnownFileType = text.xcconfig; path = Release.xcconfig; sourceTree = SOURCE_ROOT; };
		06B5F45B1AAE06FC0042E391 /* Images.xcassets */ = {isa = PBXFileReference; lastKnownFileType = folder.assetcatalog; path = Images.xcassets; sourceTree = "<group>"; };
		06EEFA881832AC2500E3499B /* Player.app */ = {isa = PBXFileReference; explicitFileType = wrapper.application; includeInIndex = 0; path = Player.app; sourceTree = BUILT_PRODUCTS_DIR; };
		06EEFA8B1832AC2500E3499B /* Foundation.framework */ = {isa = PBXFileReference; lastKnownFileType = wrapper.framework; name = Foundation.framework; path = System/Library/Frameworks/Foundation.framework; sourceTree = SDKROOT; };
		06EEFA8D1832AC2500E3499B /* CoreGraphics.framework */ = {isa = PBXFileReference; lastKnownFileType = wrapper.framework; name = CoreGraphics.framework; path = System/Library/Frameworks/CoreGraphics.framework; sourceTree = SDKROOT; };
		06EEFA8F1832AC2500E3499B /* UIKit.framework */ = {isa = PBXFileReference; lastKnownFileType = wrapper.framework; name = UIKit.framework; path = System/Library/Frameworks/UIKit.framework; sourceTree = SDKROOT; };
		06EEFA931832AC2500E3499B /* Player-Info.plist */ = {isa = PBXFileReference; lastKnownFileType = text.plist.xml; path = "Player-Info.plist"; sourceTree = "<group>"; };
		06EEFA951832AC2500E3499B /* en */ = {isa = PBXFileReference; lastKnownFileType = text.plist.strings; name = en; path = en.lproj/InfoPlist.strings; sourceTree = "<group>"; };
		06EEFA971832AC2500E3499B /* main.m */ = {isa = PBXFileReference; lastKnownFileType = sourcecode.c.objc; path = main.m; sourceTree = "<group>"; };
		06EEFA991832AC2500E3499B /* Player-Prefix.pch */ = {isa = PBXFileReference; lastKnownFileType = sourcecode.c.h; path = "Player-Prefix.pch"; sourceTree = "<group>"; };
		06EEFA9A1832AC2500E3499B /* PBJAppDelegate.h */ = {isa = PBXFileReference; lastKnownFileType = sourcecode.c.h; path = PBJAppDelegate.h; sourceTree = "<group>"; };
		06EEFA9B1832AC2500E3499B /* PBJAppDelegate.m */ = {isa = PBXFileReference; lastKnownFileType = sourcecode.c.objc; path = PBJAppDelegate.m; sourceTree = "<group>"; };
		06EEFAA01832AC2500E3499B /* PBJViewController.h */ = {isa = PBXFileReference; lastKnownFileType = sourcecode.c.h; path = PBJViewController.h; sourceTree = "<group>"; };
		06EEFAA11832AC2500E3499B /* PBJViewController.m */ = {isa = PBXFileReference; lastKnownFileType = sourcecode.c.objc; path = PBJViewController.m; sourceTree = "<group>"; };
		D8FA28DF1BC197640013BC26 /* PBJVideoPlayer.h */ = {isa = PBXFileReference; fileEncoding = 4; lastKnownFileType = sourcecode.c.h; name = PBJVideoPlayer.h; path = ../Source/PBJVideoPlayer.h; sourceTree = "<group>"; };
/* End PBXFileReference section */

/* Begin PBXFrameworksBuildPhase section */
		04B39D481C1E5691009F4402 /* Frameworks */ = {
			isa = PBXFrameworksBuildPhase;
			buildActionMask = 2147483647;
			files = (
			);
			runOnlyForDeploymentPostprocessing = 0;
		};
		06EEFA851832AC2500E3499B /* Frameworks */ = {
			isa = PBXFrameworksBuildPhase;
			buildActionMask = 2147483647;
			files = (
				06702B671832B060003BD34C /* AVFoundation.framework in Frameworks */,
				06EEFA8E1832AC2500E3499B /* CoreGraphics.framework in Frameworks */,
				06EEFA901832AC2500E3499B /* UIKit.framework in Frameworks */,
				06EEFA8C1832AC2500E3499B /* Foundation.framework in Frameworks */,
			);
			runOnlyForDeploymentPostprocessing = 0;
		};
/* End PBXFrameworksBuildPhase section */

/* Begin PBXGroup section */
		04302DF31C1E507E00DAE69D /* Resources */ = {
			isa = PBXGroup;
			children = (
				06B5F45B1AAE06FC0042E391 /* Images.xcassets */,
			);
			name = Resources;
			sourceTree = "<group>";
		};
		04A3E2CB1C1E573900E60F90 /* Resources */ = {
			isa = PBXGroup;
			children = (
				04B39D591C1E5691009F4402 /* Assets.xcassets */,
			);
			name = Resources;
			sourceTree = "<group>";
		};
		04B39D4C1C1E5691009F4402 /* tvOS */ = {
			isa = PBXGroup;
			children = (
				06D8BD871C3995E300DBE44E /* App */,
				04B39D531C1E5691009F4402 /* PBJViewController.h */,
				04B39D541C1E5691009F4402 /* PBJViewController.m */,
				04A3E2CB1C1E573900E60F90 /* Resources */,
				04B39D4D1C1E5691009F4402 /* Supporting Files */,
			);
			name = tvOS;
			path = PlayerTV;
			sourceTree = "<group>";
		};
		04B39D4D1C1E5691009F4402 /* Supporting Files */ = {
			isa = PBXGroup;
			children = (
				04A3E2CC1C1E586800E60F90 /* PlayerTV-Prefix.pch */,
				04B39D5B1C1E5691009F4402 /* Info.plist */,
			);
			name = "Supporting Files";
			sourceTree = "<group>";
		};
		06702B5F1832AD3A003BD34C /* PBJVideoPlayer */ = {
			isa = PBXGroup;
			children = (
				D8FA28DF1BC197640013BC26 /* PBJVideoPlayer.h */,
				06702B601832AD4A003BD34C /* PBJVideoPlayerController.h */,
				06702B611832AD4A003BD34C /* PBJVideoPlayerController.m */,
				06702B621832AD4A003BD34C /* PBJVideoView.h */,
				06702B631832AD4A003BD34C /* PBJVideoView.m */,
			);
			name = PBJVideoPlayer;
			sourceTree = "<group>";
		};
		06D8BD871C3995E300DBE44E /* App */ = {
			isa = PBXGroup;
			children = (
				04B39D501C1E5691009F4402 /* PBJAppDelegate.h */,
				04B39D511C1E5691009F4402 /* PBJAppDelegate.m */,
				04B39D4E1C1E5691009F4402 /* main.m */,
			);
			name = App;
			sourceTree = "<group>";
		};
		06D8BD881C3995EE00DBE44E /* App */ = {
			isa = PBXGroup;
			children = (
				06EEFA9A1832AC2500E3499B /* PBJAppDelegate.h */,
				06EEFA9B1832AC2500E3499B /* PBJAppDelegate.m */,
				06EEFA971832AC2500E3499B /* main.m */,
			);
			name = App;
			sourceTree = "<group>";
		};
		06EEFA7F1832AC2500E3499B = {
			isa = PBXGroup;
			children = (
				06702B5F1832AD3A003BD34C /* PBJVideoPlayer */,
				06EEFA911832AC2500E3499B /* iOS */,
				04B39D4C1C1E5691009F4402 /* tvOS */,
				06EEFA8A1832AC2500E3499B /* Frameworks */,
				06EEFA891832AC2500E3499B /* Products */,
			);
			sourceTree = "<group>";
		};
		06EEFA891832AC2500E3499B /* Products */ = {
			isa = PBXGroup;
			children = (
				06EEFA881832AC2500E3499B /* Player.app */,
				04B39D4B1C1E5691009F4402 /* PlayerTV.app */,
			);
			name = Products;
			sourceTree = "<group>";
		};
		06EEFA8A1832AC2500E3499B /* Frameworks */ = {
			isa = PBXGroup;
			children = (
				06702B661832B060003BD34C /* AVFoundation.framework */,
				06EEFA8B1832AC2500E3499B /* Foundation.framework */,
				06EEFA8D1832AC2500E3499B /* CoreGraphics.framework */,
				06EEFA8F1832AC2500E3499B /* UIKit.framework */,
			);
			name = Frameworks;
			sourceTree = "<group>";
		};
		06EEFA911832AC2500E3499B /* iOS */ = {
			isa = PBXGroup;
			children = (
				06D8BD881C3995EE00DBE44E /* App */,
				06EEFAA01832AC2500E3499B /* PBJViewController.h */,
				06EEFAA11832AC2500E3499B /* PBJViewController.m */,
				04302DF31C1E507E00DAE69D /* Resources */,
				06EEFA921832AC2500E3499B /* Supporting Files */,
			);
			name = iOS;
			path = Player;
			sourceTree = "<group>";
		};
		06EEFA921832AC2500E3499B /* Supporting Files */ = {
			isa = PBXGroup;
			children = (
				06702B681832B0C3003BD34C /* Base.xcconfig */,
				06702B691832B0C3003BD34C /* Debug.xcconfig */,
				06702B6A1832B0C3003BD34C /* Release.xcconfig */,
				06EEFA931832AC2500E3499B /* Player-Info.plist */,
				06EEFA941832AC2500E3499B /* InfoPlist.strings */,
				06EEFA991832AC2500E3499B /* Player-Prefix.pch */,
			);
			name = "Supporting Files";
			sourceTree = "<group>";
		};
/* End PBXGroup section */

/* Begin PBXNativeTarget section */
		04B39D4A1C1E5691009F4402 /* PlayerTV */ = {
			isa = PBXNativeTarget;
			buildConfigurationList = 04B39D5C1C1E5691009F4402 /* Build configuration list for PBXNativeTarget "PlayerTV" */;
			buildPhases = (
				04B39D471C1E5691009F4402 /* Sources */,
				04B39D481C1E5691009F4402 /* Frameworks */,
				04B39D491C1E5691009F4402 /* Resources */,
			);
			buildRules = (
			);
			dependencies = (
			);
			name = PlayerTV;
			productName = PlayerTV;
			productReference = 04B39D4B1C1E5691009F4402 /* PlayerTV.app */;
			productType = "com.apple.product-type.application";
		};
		06EEFA871832AC2500E3499B /* Player */ = {
			isa = PBXNativeTarget;
			buildConfigurationList = 06EEFABA1832AC2500E3499B /* Build configuration list for PBXNativeTarget "Player" */;
			buildPhases = (
				06EEFA841832AC2500E3499B /* Sources */,
				06EEFA851832AC2500E3499B /* Frameworks */,
				06EEFA861832AC2500E3499B /* Resources */,
			);
			buildRules = (
			);
			dependencies = (
			);
			name = Player;
			productName = Player;
			productReference = 06EEFA881832AC2500E3499B /* Player.app */;
			productType = "com.apple.product-type.application";
		};
/* End PBXNativeTarget section */

/* Begin PBXProject section */
		06EEFA801832AC2500E3499B /* Project object */ = {
			isa = PBXProject;
			attributes = {
				CLASSPREFIX = PBJ;
				LastSwiftUpdateCheck = 0720;
				LastUpgradeCheck = 0800;
				ORGANIZATIONNAME = "Patrick Piemonte";
				TargetAttributes = {
					04B39D4A1C1E5691009F4402 = {
						CreatedOnToolsVersion = 7.2;
					};
				};
			};
			buildConfigurationList = 06EEFA831832AC2500E3499B /* Build configuration list for PBXProject "Player" */;
			compatibilityVersion = "Xcode 3.2";
			developmentRegion = English;
			hasScannedForEncodings = 0;
			knownRegions = (
				en,
				Base,
			);
			mainGroup = 06EEFA7F1832AC2500E3499B;
			productRefGroup = 06EEFA891832AC2500E3499B /* Products */;
			projectDirPath = "";
			projectRoot = "";
			targets = (
				06EEFA871832AC2500E3499B /* Player */,
				04B39D4A1C1E5691009F4402 /* PlayerTV */,
			);
		};
/* End PBXProject section */

/* Begin PBXResourcesBuildPhase section */
		04B39D491C1E5691009F4402 /* Resources */ = {
			isa = PBXResourcesBuildPhase;
			buildActionMask = 2147483647;
			files = (
				04B39D5A1C1E5691009F4402 /* Assets.xcassets in Resources */,
			);
			runOnlyForDeploymentPostprocessing = 0;
		};
		06EEFA861832AC2500E3499B /* Resources */ = {
			isa = PBXResourcesBuildPhase;
			buildActionMask = 2147483647;
			files = (
				06EEFA961832AC2500E3499B /* InfoPlist.strings in Resources */,
				06B5F45C1AAE06FC0042E391 /* Images.xcassets in Resources */,
			);
			runOnlyForDeploymentPostprocessing = 0;
		};
/* End PBXResourcesBuildPhase section */

/* Begin PBXSourcesBuildPhase section */
		04B39D471C1E5691009F4402 /* Sources */ = {
			isa = PBXSourcesBuildPhase;
			buildActionMask = 2147483647;
			files = (
				04A3E2CE1C1E587D00E60F90 /* PBJVideoPlayerController.m in Sources */,
				04B39D551C1E5691009F4402 /* PBJViewController.m in Sources */,
				04B39D521C1E5691009F4402 /* PBJAppDelegate.m in Sources */,
				04B39D4F1C1E5691009F4402 /* main.m in Sources */,
				04A3E2CD1C1E587A00E60F90 /* PBJVideoView.m in Sources */,
			);
			runOnlyForDeploymentPostprocessing = 0;
		};
		06EEFA841832AC2500E3499B /* Sources */ = {
			isa = PBXSourcesBuildPhase;
			buildActionMask = 2147483647;
			files = (
				06702B651832AD4A003BD34C /* PBJVideoView.m in Sources */,
				06EEFAA21832AC2500E3499B /* PBJViewController.m in Sources */,
				06702B641832AD4A003BD34C /* PBJVideoPlayerController.m in Sources */,
				06EEFA981832AC2500E3499B /* main.m in Sources */,
				06EEFA9C1832AC2500E3499B /* PBJAppDelegate.m in Sources */,
			);
			runOnlyForDeploymentPostprocessing = 0;
		};
/* End PBXSourcesBuildPhase section */

/* Begin PBXVariantGroup section */
		06EEFA941832AC2500E3499B /* InfoPlist.strings */ = {
			isa = PBXVariantGroup;
			children = (
				06EEFA951832AC2500E3499B /* en */,
			);
			name = InfoPlist.strings;
			sourceTree = "<group>";
		};
/* End PBXVariantGroup section */

/* Begin XCBuildConfiguration section */
		04B39D5D1C1E5691009F4402 /* Debug */ = {
			isa = XCBuildConfiguration;
			buildSettings = {
				ALWAYS_SEARCH_USER_PATHS = NO;
				ASSETCATALOG_COMPILER_APPICON_NAME = "App Icon & Top Shelf Image";
				ASSETCATALOG_COMPILER_LAUNCHIMAGE_NAME = LaunchImage;
				CLANG_CXX_LANGUAGE_STANDARD = "gnu++0x";
				CLANG_CXX_LIBRARY = "libc++";
				CLANG_ENABLE_OBJC_ARC = YES;
				CLANG_WARN_BOOL_CONVERSION = YES;
				CLANG_WARN_CONSTANT_CONVERSION = YES;
				CLANG_WARN_DIRECT_OBJC_ISA_USAGE = YES_ERROR;
				CLANG_WARN_EMPTY_BODY = YES;
				CLANG_WARN_ENUM_CONVERSION = YES;
				CLANG_WARN_INT_CONVERSION = YES;
				CLANG_WARN_OBJC_ROOT_CLASS = YES_ERROR;
				CLANG_WARN_UNREACHABLE_CODE = YES;
				CLANG_WARN__DUPLICATE_METHOD_MATCH = YES;
				COPY_PHASE_STRIP = NO;
				DEBUG_INFORMATION_FORMAT = dwarf;
				ENABLE_BITCODE = YES;
				ENABLE_STRICT_OBJC_MSGSEND = YES;
				ENABLE_TESTABILITY = YES;
				GCC_C_LANGUAGE_STANDARD = gnu99;
				GCC_DYNAMIC_NO_PIC = NO;
				GCC_NO_COMMON_BLOCKS = YES;
				GCC_OPTIMIZATION_LEVEL = 0;
				GCC_PREPROCESSOR_DEFINITIONS = (
					"DEBUG=1",
					"$(inherited)",
				);
				GCC_WARN_64_TO_32_BIT_CONVERSION = YES;
				GCC_WARN_ABOUT_RETURN_TYPE = YES_ERROR;
				GCC_WARN_UNDECLARED_SELECTOR = YES;
				GCC_WARN_UNINITIALIZED_AUTOS = YES_AGGRESSIVE;
				GCC_WARN_UNUSED_FUNCTION = YES;
				GCC_WARN_UNUSED_VARIABLE = YES;
				INFOPLIST_FILE = PlayerTV/Info.plist;
				LD_RUNPATH_SEARCH_PATHS = "$(inherited) @executable_path/Frameworks";
				MTL_ENABLE_DEBUG_INFO = YES;
				ONLY_ACTIVE_ARCH = YES;
				PRODUCT_BUNDLE_IDENTIFIER = com.patrickpiemonte.PlayerTV;
				PRODUCT_NAME = "$(TARGET_NAME)";
				SDKROOT = appletvos;
				TARGETED_DEVICE_FAMILY = 3;
				TVOS_DEPLOYMENT_TARGET = 9.0;
			};
			name = Debug;
		};
		04B39D5E1C1E5691009F4402 /* Release */ = {
			isa = XCBuildConfiguration;
			buildSettings = {
				ALWAYS_SEARCH_USER_PATHS = NO;
				ASSETCATALOG_COMPILER_APPICON_NAME = "App Icon & Top Shelf Image";
				ASSETCATALOG_COMPILER_LAUNCHIMAGE_NAME = LaunchImage;
				CLANG_CXX_LANGUAGE_STANDARD = "gnu++0x";
				CLANG_CXX_LIBRARY = "libc++";
				CLANG_ENABLE_OBJC_ARC = YES;
				CLANG_WARN_BOOL_CONVERSION = YES;
				CLANG_WARN_CONSTANT_CONVERSION = YES;
				CLANG_WARN_DIRECT_OBJC_ISA_USAGE = YES_ERROR;
				CLANG_WARN_EMPTY_BODY = YES;
				CLANG_WARN_ENUM_CONVERSION = YES;
				CLANG_WARN_INT_CONVERSION = YES;
				CLANG_WARN_OBJC_ROOT_CLASS = YES_ERROR;
				CLANG_WARN_UNREACHABLE_CODE = YES;
				CLANG_WARN__DUPLICATE_METHOD_MATCH = YES;
				COPY_PHASE_STRIP = NO;
				DEBUG_INFORMATION_FORMAT = "dwarf-with-dsym";
				ENABLE_BITCODE = YES;
				ENABLE_NS_ASSERTIONS = NO;
				ENABLE_STRICT_OBJC_MSGSEND = YES;
				GCC_C_LANGUAGE_STANDARD = gnu99;
				GCC_NO_COMMON_BLOCKS = YES;
				GCC_WARN_64_TO_32_BIT_CONVERSION = YES;
				GCC_WARN_ABOUT_RETURN_TYPE = YES_ERROR;
				GCC_WARN_UNDECLARED_SELECTOR = YES;
				GCC_WARN_UNINITIALIZED_AUTOS = YES_AGGRESSIVE;
				GCC_WARN_UNUSED_FUNCTION = YES;
				GCC_WARN_UNUSED_VARIABLE = YES;
				INFOPLIST_FILE = PlayerTV/Info.plist;
				LD_RUNPATH_SEARCH_PATHS = "$(inherited) @executable_path/Frameworks";
				MTL_ENABLE_DEBUG_INFO = NO;
				PRODUCT_BUNDLE_IDENTIFIER = com.patrickpiemonte.PlayerTV;
				PRODUCT_NAME = "$(TARGET_NAME)";
				SDKROOT = appletvos;
				TARGETED_DEVICE_FAMILY = 3;
				TVOS_DEPLOYMENT_TARGET = 9.0;
				VALIDATE_PRODUCT = YES;
			};
			name = Release;
		};
		06EEFAB81832AC2500E3499B /* Debug */ = {
			isa = XCBuildConfiguration;
			baseConfigurationReference = 06702B691832B0C3003BD34C /* Debug.xcconfig */;
			buildSettings = {
				CLANG_ENABLE_MODULES = YES;
				"CODE_SIGN_IDENTITY[sdk=iphoneos*]" = "iPhone Developer";
				SDKROOT = iphoneos;
			};
			name = Debug;
		};
		06EEFAB91832AC2500E3499B /* Release */ = {
			isa = XCBuildConfiguration;
			baseConfigurationReference = 06702B6A1832B0C3003BD34C /* Release.xcconfig */;
			buildSettings = {
				CLANG_ENABLE_MODULES = YES;
				"CODE_SIGN_IDENTITY[sdk=iphoneos*]" = "iPhone Developer";
				SDKROOT = iphoneos;
			};
			name = Release;
		};
		06EEFABB1832AC2500E3499B /* Debug */ = {
			isa = XCBuildConfiguration;
			buildSettings = {
				ASSETCATALOG_COMPILER_APPICON_NAME = AppIcon;
				ASSETCATALOG_COMPILER_LAUNCHIMAGE_NAME = LaunchImage;
				GCC_PRECOMPILE_PREFIX_HEADER = YES;
				GCC_PREFIX_HEADER = "Player/Player-Prefix.pch";
				INFOPLIST_FILE = "Player/Player-Info.plist";
				PRODUCT_NAME = "$(TARGET_NAME)";
				WRAPPER_EXTENSION = app;
			};
			name = Debug;
		};
		06EEFABC1832AC2500E3499B /* Release */ = {
			isa = XCBuildConfiguration;
			buildSettings = {
				ASSETCATALOG_COMPILER_APPICON_NAME = AppIcon;
				ASSETCATALOG_COMPILER_LAUNCHIMAGE_NAME = LaunchImage;
				GCC_PRECOMPILE_PREFIX_HEADER = YES;
				GCC_PREFIX_HEADER = "Player/Player-Prefix.pch";
				INFOPLIST_FILE = "Player/Player-Info.plist";
				PRODUCT_NAME = "$(TARGET_NAME)";
				WRAPPER_EXTENSION = app;
			};
			name = Release;
		};
/* End XCBuildConfiguration section */

/* Begin XCConfigurationList section */
		04B39D5C1C1E5691009F4402 /* Build configuration list for PBXNativeTarget "PlayerTV" */ = {
			isa = XCConfigurationList;
			buildConfigurations = (
				04B39D5D1C1E5691009F4402 /* Debug */,
				04B39D5E1C1E5691009F4402 /* Release */,
			);
			defaultConfigurationIsVisible = 0;
			defaultConfigurationName = Release;
		};
		06EEFA831832AC2500E3499B /* Build configuration list for PBXProject "Player" */ = {
			isa = XCConfigurationList;
			buildConfigurations = (
				06EEFAB81832AC2500E3499B /* Debug */,
				06EEFAB91832AC2500E3499B /* Release */,
			);
			defaultConfigurationIsVisible = 0;
			defaultConfigurationName = Release;
		};
		06EEFABA1832AC2500E3499B /* Build configuration list for PBXNativeTarget "Player" */ = {
			isa = XCConfigurationList;
			buildConfigurations = (
				06EEFABB1832AC2500E3499B /* Debug */,
				06EEFABC1832AC2500E3499B /* Release */,
			);
			defaultConfigurationIsVisible = 0;
			defaultConfigurationName = Release;
		};
/* End XCConfigurationList section */
	};
	rootObject = 06EEFA801832AC2500E3499B /* Project object */;
}
